// !$*UTF8*$!
{
	archiveVersion = 1;
	classes = {
	};
	objectVersion = 77;
	objects = {

/* Begin PBXContainerItemProxy section */
		DD1E15DD2E1B6AA7003B99C8 /* PBXContainerItemProxy */ = {
			isa = PBXContainerItemProxy;
			containerPortal = DD1E15C72E1B6AA2003B99C8 /* Project object */;
			proxyType = 1;
			remoteGlobalIDString = DD1E15CE2E1B6AA2003B99C8;
			remoteInfo = PuttingGameV1;
		};
		DD1E15E72E1B6AA7003B99C8 /* PBXContainerItemProxy */ = {
			isa = PBXContainerItemProxy;
			containerPortal = DD1E15C72E1B6AA2003B99C8 /* Project object */;
			proxyType = 1;
			remoteGlobalIDString = DD1E15CE2E1B6AA2003B99C8;
			remoteInfo = PuttingGameV1;
		};
/* End PBXContainerItemProxy section */

/* Begin PBXFileReference section */
		DD1E15CF2E1B6AA2003B99C8 /* PuttingGameV1.app */ = {isa = PBXFileReference; explicitFileType = wrapper.application; includeInIndex = 0; path = PuttingGameV1.app; sourceTree = BUILT_PRODUCTS_DIR; };
		DD1E15DC2E1B6AA7003B99C8 /* PuttingGameV1Tests.xctest */ = {isa = PBXFileReference; explicitFileType = wrapper.cfbundle; includeInIndex = 0; path = PuttingGameV1Tests.xctest; sourceTree = BUILT_PRODUCTS_DIR; };
		DD1E15E62E1B6AA7003B99C8 /* PuttingGameV1UITests.xctest */ = {isa = PBXFileReference; explicitFileType = wrapper.cfbundle; includeInIndex = 0; path = PuttingGameV1UITests.xctest; sourceTree = BUILT_PRODUCTS_DIR; };
/* End PBXFileReference section */

/* Begin PBXFileSystemSynchronizedRootGroup section */
		DD1E15D12E1B6AA2003B99C8 /* PuttingGameV1 */ = {
			isa = PBXFileSystemSynchronizedRootGroup;
			path = PuttingGameV1;
			sourceTree = "<group>";
		};
		DD1E15DF2E1B6AA7003B99C8 /* PuttingGameV1Tests */ = {
			isa = PBXFileSystemSynchronizedRootGroup;
			path = PuttingGameV1Tests;
			sourceTree = "<group>";
		};
		DD1E15E92E1B6AA7003B99C8 /* PuttingGameV1UITests */ = {
			isa = PBXFileSystemSynchronizedRootGroup;
			path = PuttingGameV1UITests;
			sourceTree = "<group>";
		};
/* End PBXFileSystemSynchronizedRootGroup section */

/* Begin PBXFrameworksBuildPhase section */
		DD1E15CC2E1B6AA2003B99C8 /* Frameworks */ = {
			isa = PBXFrameworksBuildPhase;
			buildActionMask = 2147483647;
			files = (
			);
			runOnlyForDeploymentPostprocessing = 0;
		};
		DD1E15D92E1B6AA7003B99C8 /* Frameworks */ = {
			isa = PBXFrameworksBuildPhase;
			buildActionMask = 2147483647;
			files = (
			);
			runOnlyForDeploymentPostprocessing = 0;
		};
		DD1E15E32E1B6AA7003B99C8 /* Frameworks */ = {
			isa = PBXFrameworksBuildPhase;
			buildActionMask = 2147483647;
			files = (
			);
			runOnlyForDeploymentPostprocessing = 0;
		};
/* End PBXFrameworksBuildPhase section */

/* Begin PBXGroup section */
		DD1E15C62E1B6AA2003B99C8 = {
			isa = PBXGroup;
			children = (
				DD1E15D12E1B6AA2003B99C8 /* PuttingGameV1 */,
				DD1E15DF2E1B6AA7003B99C8 /* PuttingGameV1Tests */,
				DD1E15E92E1B6AA7003B99C8 /* PuttingGameV1UITests */,
				DD1E15D02E1B6AA2003B99C8 /* Products */,
			);
			sourceTree = "<group>";
		};
		DD1E15D02E1B6AA2003B99C8 /* Products */ = {
			isa = PBXGroup;
			children = (
				DD1E15CF2E1B6AA2003B99C8 /* PuttingGameV1.app */,
				DD1E15DC2E1B6AA7003B99C8 /* PuttingGameV1Tests.xctest */,
				DD1E15E62E1B6AA7003B99C8 /* PuttingGameV1UITests.xctest */,
			);
			name = Products;
			sourceTree = "<group>";
		};
/* End PBXGroup section */

/* Begin PBXNativeTarget section */
		DD1E15CE2E1B6AA2003B99C8 /* PuttingGameV1 */ = {
			isa = PBXNativeTarget;
			buildConfigurationList = DD1E15F02E1B6AA7003B99C8 /* Build configuration list for PBXNativeTarget "PuttingGameV1" */;
			buildPhases = (
				DD1E15CB2E1B6AA2003B99C8 /* Sources */,
				DD1E15CC2E1B6AA2003B99C8 /* Frameworks */,
				DD1E15CD2E1B6AA2003B99C8 /* Resources */,
			);
			buildRules = (
			);
			dependencies = (
			);
			fileSystemSynchronizedGroups = (
				DD1E15D12E1B6AA2003B99C8 /* PuttingGameV1 */,
			);
			name = PuttingGameV1;
			packageProductDependencies = (
			);
			productName = PuttingGameV1;
			productReference = DD1E15CF2E1B6AA2003B99C8 /* PuttingGameV1.app */;
			productType = "com.apple.product-type.application";
		};
		DD1E15DB2E1B6AA7003B99C8 /* PuttingGameV1Tests */ = {
			isa = PBXNativeTarget;
			buildConfigurationList = DD1E15F32E1B6AA7003B99C8 /* Build configuration list for PBXNativeTarget "PuttingGameV1Tests" */;
			buildPhases = (
				DD1E15D82E1B6AA7003B99C8 /* Sources */,
				DD1E15D92E1B6AA7003B99C8 /* Frameworks */,
				DD1E15DA2E1B6AA7003B99C8 /* Resources */,
			);
			buildRules = (
			);
			dependencies = (
				DD1E15DE2E1B6AA7003B99C8 /* PBXTargetDependency */,
			);
			fileSystemSynchronizedGroups = (
				DD1E15DF2E1B6AA7003B99C8 /* PuttingGameV1Tests */,
			);
			name = PuttingGameV1Tests;
			packageProductDependencies = (
			);
			productName = PuttingGameV1Tests;
			productReference = DD1E15DC2E1B6AA7003B99C8 /* PuttingGameV1Tests.xctest */;
			productType = "com.apple.product-type.bundle.unit-test";
		};
		DD1E15E52E1B6AA7003B99C8 /* PuttingGameV1UITests */ = {
			isa = PBXNativeTarget;
			buildConfigurationList = DD1E15F62E1B6AA7003B99C8 /* Build configuration list for PBXNativeTarget "PuttingGameV1UITests" */;
			buildPhases = (
				DD1E15E22E1B6AA7003B99C8 /* Sources */,
				DD1E15E32E1B6AA7003B99C8 /* Frameworks */,
				DD1E15E42E1B6AA7003B99C8 /* Resources */,
			);
			buildRules = (
			);
			dependencies = (
				DD1E15E82E1B6AA7003B99C8 /* PBXTargetDependency */,
			);
			fileSystemSynchronizedGroups = (
				DD1E15E92E1B6AA7003B99C8 /* PuttingGameV1UITests */,
			);
			name = PuttingGameV1UITests;
			packageProductDependencies = (
			);
			productName = PuttingGameV1UITests;
			productReference = DD1E15E62E1B6AA7003B99C8 /* PuttingGameV1UITests.xctest */;
			productType = "com.apple.product-type.bundle.ui-testing";
		};
/* End PBXNativeTarget section */

/* Begin PBXProject section */
		DD1E15C72E1B6AA2003B99C8 /* Project object */ = {
			isa = PBXProject;
			attributes = {
				BuildIndependentTargetsInParallel = 1;
				LastSwiftUpdateCheck = 1640;
				LastUpgradeCheck = 1640;
				TargetAttributes = {
					DD1E15CE2E1B6AA2003B99C8 = {
						CreatedOnToolsVersion = 16.4;
					};
					DD1E15DB2E1B6AA7003B99C8 = {
						CreatedOnToolsVersion = 16.4;
						TestTargetID = DD1E15CE2E1B6AA2003B99C8;
					};
					DD1E15E52E1B6AA7003B99C8 = {
						CreatedOnToolsVersion = 16.4;
						TestTargetID = DD1E15CE2E1B6AA2003B99C8;
					};
				};
			};
			buildConfigurationList = DD1E15CA2E1B6AA2003B99C8 /* Build configuration list for PBXProject "PuttingGameV1" */;
			developmentRegion = en;
			hasScannedForEncodings = 0;
			knownRegions = (
				en,
				Base,
			);
			mainGroup = DD1E15C62E1B6AA2003B99C8;
			minimizedProjectReferenceProxies = 1;
			preferredProjectObjectVersion = 77;
			productRefGroup = DD1E15D02E1B6AA2003B99C8 /* Products */;
			projectDirPath = "";
			projectRoot = "";
			targets = (
				DD1E15CE2E1B6AA2003B99C8 /* PuttingGameV1 */,
				DD1E15DB2E1B6AA7003B99C8 /* PuttingGameV1Tests */,
				DD1E15E52E1B6AA7003B99C8 /* PuttingGameV1UITests */,
			);
		};
/* End PBXProject section */

/* Begin PBXResourcesBuildPhase section */
		DD1E15CD2E1B6AA2003B99C8 /* Resources */ = {
			isa = PBXResourcesBuildPhase;
			buildActionMask = 2147483647;
			files = (
			);
			runOnlyForDeploymentPostprocessing = 0;
		};
		DD1E15DA2E1B6AA7003B99C8 /* Resources */ = {
			isa = PBXResourcesBuildPhase;
			buildActionMask = 2147483647;
			files = (
			);
			runOnlyForDeploymentPostprocessing = 0;
		};
		DD1E15E42E1B6AA7003B99C8 /* Resources */ = {
			isa = PBXResourcesBuildPhase;
			buildActionMask = 2147483647;
			files = (
			);
			runOnlyForDeploymentPostprocessing = 0;
		};
/* End PBXResourcesBuildPhase section */

/* Begin PBXSourcesBuildPhase section */
		DD1E15CB2E1B6AA2003B99C8 /* Sources */ = {
			isa = PBXSourcesBuildPhase;
			buildActionMask = 2147483647;
			files = (
			);
			runOnlyForDeploymentPostprocessing = 0;
		};
		DD1E15D82E1B6AA7003B99C8 /* Sources */ = {
			isa = PBXSourcesBuildPhase;
			buildActionMask = 2147483647;
			files = (
			);
			runOnlyForDeploymentPostprocessing = 0;
		};
		DD1E15E22E1B6AA7003B99C8 /* Sources */ = {
			isa = PBXSourcesBuildPhase;
			buildActionMask = 2147483647;
			files = (
			);
			runOnlyForDeploymentPostprocessing = 0;
		};
/* End PBXSourcesBuildPhase section */

/* Begin PBXTargetDependency section */
		DD1E15DE2E1B6AA7003B99C8 /* PBXTargetDependency */ = {
			isa = PBXTargetDependency;
			target = DD1E15CE2E1B6AA2003B99C8 /* PuttingGameV1 */;
			targetProxy = DD1E15DD2E1B6AA7003B99C8 /* PBXContainerItemProxy */;
		};
		DD1E15E82E1B6AA7003B99C8 /* PBXTargetDependency */ = {
			isa = PBXTargetDependency;
			target = DD1E15CE2E1B6AA2003B99C8 /* PuttingGameV1 */;
			targetProxy = DD1E15E72E1B6AA7003B99C8 /* PBXContainerItemProxy */;
		};
/* End PBXTargetDependency section */

/* Begin XCBuildConfiguration section */
		DD1E15EE2E1B6AA7003B99C8 /* Debug */ = {
			isa = XCBuildConfiguration;
			buildSettings = {
				ALWAYS_SEARCH_USER_PATHS = NO;
				ASSETCATALOG_COMPILER_GENERATE_SWIFT_ASSET_SYMBOL_EXTENSIONS = YES;
				CLANG_ANALYZER_NONNULL = YES;
				CLANG_ANALYZER_NUMBER_OBJECT_CONVERSION = YES_AGGRESSIVE;
				CLANG_CXX_LANGUAGE_STANDARD = "gnu++20";
				CLANG_ENABLE_MODULES = YES;
				CLANG_ENABLE_OBJC_ARC = YES;
				CLANG_ENABLE_OBJC_WEAK = YES;
				CLANG_WARN_BLOCK_CAPTURE_AUTORELEASING = YES;
				CLANG_WARN_BOOL_CONVERSION = YES;
				CLANG_WARN_COMMA = YES;
				CLANG_WARN_CONSTANT_CONVERSION = YES;
				CLANG_WARN_DEPRECATED_OBJC_IMPLEMENTATIONS = YES;
				CLANG_WARN_DIRECT_OBJC_ISA_USAGE = YES_ERROR;
				CLANG_WARN_DOCUMENTATION_COMMENTS = YES;
				CLANG_WARN_EMPTY_BODY = YES;
				CLANG_WARN_ENUM_CONVERSION = YES;
				CLANG_WARN_INFINITE_RECURSION = YES;
				CLANG_WARN_INT_CONVERSION = YES;
				CLANG_WARN_NON_LITERAL_NULL_CONVERSION = YES;
				CLANG_WARN_OBJC_IMPLICIT_RETAIN_SELF = YES;
				CLANG_WARN_OBJC_LITERAL_CONVERSION = YES;
				CLANG_WARN_OBJC_ROOT_CLASS = YES_ERROR;
				CLANG_WARN_QUOTED_INCLUDE_IN_FRAMEWORK_HEADER = YES;
				CLANG_WARN_RANGE_LOOP_ANALYSIS = YES;
				CLANG_WARN_STRICT_PROTOTYPES = YES;
				CLANG_WARN_SUSPICIOUS_MOVE = YES;
				CLANG_WARN_UNGUARDED_AVAILABILITY = YES_AGGRESSIVE;
				CLANG_WARN_UNREACHABLE_CODE = YES;
				CLANG_WARN__DUPLICATE_METHOD_MATCH = YES;
				COPY_PHASE_STRIP = NO;
				DEBUG_INFORMATION_FORMAT = dwarf;
				ENABLE_STRICT_OBJC_MSGSEND = YES;
				ENABLE_TESTABILITY = YES;
				ENABLE_USER_SCRIPT_SANDBOXING = YES;
				GCC_C_LANGUAGE_STANDARD = gnu17;
				GCC_DYNAMIC_NO_PIC = NO;
				GCC_NO_COMMON_BLOCKS = YES;
				GCC_OPTIMIZATION_LEVEL = 0;
				GCC_PREPROCESSOR_DEFINITIONS = (
					"DEBUG=1",
					"$(inherited)",
				);
				GCC_WARN_64_TO_32_BIT_CONVERSION = YES;
				GCC_WARN_ABOUT_RETURN_TYPE = YES_ERROR;
				GCC_WARN_UNDECLARED_SELECTOR = YES;
				GCC_WARN_UNINITIALIZED_AUTOS = YES_AGGRESSIVE;
				GCC_WARN_UNUSED_FUNCTION = YES;
				GCC_WARN_UNUSED_VARIABLE = YES;
				IPHONEOS_DEPLOYMENT_TARGET = 18.5;
				LOCALIZATION_PREFERS_STRING_CATALOGS = YES;
				MTL_ENABLE_DEBUG_INFO = INCLUDE_SOURCE;
				MTL_FAST_MATH = YES;
				ONLY_ACTIVE_ARCH = YES;
				SDKROOT = iphoneos;
				SWIFT_ACTIVE_COMPILATION_CONDITIONS = "DEBUG $(inherited)";
				SWIFT_OPTIMIZATION_LEVEL = "-Onone";
			};
			name = Debug;
		};
		DD1E15EF2E1B6AA7003B99C8 /* Release */ = {
			isa = XCBuildConfiguration;
			buildSettings = {
				ALWAYS_SEARCH_USER_PATHS = NO;
				ASSETCATALOG_COMPILER_GENERATE_SWIFT_ASSET_SYMBOL_EXTENSIONS = YES;
				CLANG_ANALYZER_NONNULL = YES;
				CLANG_ANALYZER_NUMBER_OBJECT_CONVERSION = YES_AGGRESSIVE;
				CLANG_CXX_LANGUAGE_STANDARD = "gnu++20";
				CLANG_ENABLE_MODULES = YES;
				CLANG_ENABLE_OBJC_ARC = YES;
				CLANG_ENABLE_OBJC_WEAK = YES;
				CLANG_WARN_BLOCK_CAPTURE_AUTORELEASING = YES;
				CLANG_WARN_BOOL_CONVERSION = YES;
				CLANG_WARN_COMMA = YES;
				CLANG_WARN_CONSTANT_CONVERSION = YES;
				CLANG_WARN_DEPRECATED_OBJC_IMPLEMENTATIONS = YES;
				CLANG_WARN_DIRECT_OBJC_ISA_USAGE = YES_ERROR;
				CLANG_WARN_DOCUMENTATION_COMMENTS = YES;
				CLANG_WARN_EMPTY_BODY = YES;
				CLANG_WARN_ENUM_CONVERSION = YES;
				CLANG_WARN_INFINITE_RECURSION = YES;
				CLANG_WARN_INT_CONVERSION = YES;
				CLANG_WARN_NON_LITERAL_NULL_CONVERSION = YES;
				CLANG_WARN_OBJC_IMPLICIT_RETAIN_SELF = YES;
				CLANG_WARN_OBJC_LITERAL_CONVERSION = YES;
				CLANG_WARN_OBJC_ROOT_CLASS = YES_ERROR;
				CLANG_WARN_QUOTED_INCLUDE_IN_FRAMEWORK_HEADER = YES;
				CLANG_WARN_RANGE_LOOP_ANALYSIS = YES;
				CLANG_WARN_STRICT_PROTOTYPES = YES;
				CLANG_WARN_SUSPICIOUS_MOVE = YES;
				CLANG_WARN_UNGUARDED_AVAILABILITY = YES_AGGRESSIVE;
				CLANG_WARN_UNREACHABLE_CODE = YES;
				CLANG_WARN__DUPLICATE_METHOD_MATCH = YES;
				COPY_PHASE_STRIP = NO;
				DEBUG_INFORMATION_FORMAT = "dwarf-with-dsym";
				ENABLE_NS_ASSERTIONS = NO;
				ENABLE_STRICT_OBJC_MSGSEND = YES;
				ENABLE_USER_SCRIPT_SANDBOXING = YES;
				GCC_C_LANGUAGE_STANDARD = gnu17;
				GCC_NO_COMMON_BLOCKS = YES;
				GCC_WARN_64_TO_32_BIT_CONVERSION = YES;
				GCC_WARN_ABOUT_RETURN_TYPE = YES_ERROR;
				GCC_WARN_UNDECLARED_SELECTOR = YES;
				GCC_WARN_UNINITIALIZED_AUTOS = YES_AGGRESSIVE;
				GCC_WARN_UNUSED_FUNCTION = YES;
				GCC_WARN_UNUSED_VARIABLE = YES;
				IPHONEOS_DEPLOYMENT_TARGET = 18.5;
				LOCALIZATION_PREFERS_STRING_CATALOGS = YES;
				MTL_ENABLE_DEBUG_INFO = NO;
				MTL_FAST_MATH = YES;
				SDKROOT = iphoneos;
				SWIFT_COMPILATION_MODE = wholemodule;
				VALIDATE_PRODUCT = YES;
			};
			name = Release;
		};
		DD1E15F12E1B6AA7003B99C8 /* Debug */ = {
			isa = XCBuildConfiguration;
			buildSettings = {
				ASSETCATALOG_COMPILER_APPICON_NAME = AppIcon;
				ASSETCATALOG_COMPILER_GLOBAL_ACCENT_COLOR_NAME = AccentColor;
				CODE_SIGN_STYLE = Automatic;
				CURRENT_PROJECT_VERSION = 1;
				ENABLE_PREVIEWS = YES;
				GENERATE_INFOPLIST_FILE = YES;
				INFOPLIST_KEY_UIApplicationSceneManifest_Generation = YES;
				INFOPLIST_KEY_UIApplicationSupportsIndirectInputEvents = YES;
				INFOPLIST_KEY_UILaunchScreen_Generation = YES;
				INFOPLIST_KEY_UISupportedInterfaceOrientations_iPad = "UIInterfaceOrientationPortrait UIInterfaceOrientationPortraitUpsideDown UIInterfaceOrientationLandscapeLeft UIInterfaceOrientationLandscapeRight";
				INFOPLIST_KEY_UISupportedInterfaceOrientations_iPhone = "UIInterfaceOrientationPortrait UIInterfaceOrientationLandscapeLeft UIInterfaceOrientationLandscapeRight";
				LD_RUNPATH_SEARCH_PATHS = (
					"$(inherited)",
					"@executable_path/Frameworks",
				);
				MARKETING_VERSION = 1.0;
				PRODUCT_BUNDLE_IDENTIFIER = Koby.PuttingGameV1;
				PRODUCT_NAME = "$(TARGET_NAME)";
				SWIFT_EMIT_LOC_STRINGS = YES;
				SWIFT_VERSION = 5.0;
				TARGETED_DEVICE_FAMILY = "1,2";
			};
			name = Debug;
		};
		DD1E15F22E1B6AA7003B99C8 /* Release */ = {
			isa = XCBuildConfiguration;
			buildSettings = {
				ASSETCATALOG_COMPILER_APPICON_NAME = AppIcon;
				ASSETCATALOG_COMPILER_GLOBAL_ACCENT_COLOR_NAME = AccentColor;
				CODE_SIGN_STYLE = Automatic;
				CURRENT_PROJECT_VERSION = 1;
				ENABLE_PREVIEWS = YES;
				GENERATE_INFOPLIST_FILE = YES;
				INFOPLIST_KEY_UIApplicationSceneManifest_Generation = YES;
				INFOPLIST_KEY_UIApplicationSupportsIndirectInputEvents = YES;
				INFOPLIST_KEY_UILaunchScreen_Generation = YES;
				INFOPLIST_KEY_UISupportedInterfaceOrientations_iPad = "UIInterfaceOrientationPortrait UIInterfaceOrientationPortraitUpsideDown UIInterfaceOrientationLandscapeLeft UIInterfaceOrientationLandscapeRight";
				INFOPLIST_KEY_UISupportedInterfaceOrientations_iPhone = "UIInterfaceOrientationPortrait UIInterfaceOrientationLandscapeLeft UIInterfaceOrientationLandscapeRight";
				LD_RUNPATH_SEARCH_PATHS = (
					"$(inherited)",
					"@executable_path/Frameworks",
				);
				MARKETING_VERSION = 1.0;
				PRODUCT_BUNDLE_IDENTIFIER = Koby.PuttingGameV1;
				PRODUCT_NAME = "$(TARGET_NAME)";
				SWIFT_EMIT_LOC_STRINGS = YES;
				SWIFT_VERSION = 5.0;
				TARGETED_DEVICE_FAMILY = "1,2";
			};
			name = Release;
		};
		DD1E15F42E1B6AA7003B99C8 /* Debug */ = {
			isa = XCBuildConfiguration;
			buildSettings = {
				BUNDLE_LOADER = "$(TEST_HOST)";
				CODE_SIGN_STYLE = Automatic;
				CURRENT_PROJECT_VERSION = 1;
				GENERATE_INFOPLIST_FILE = YES;
				IPHONEOS_DEPLOYMENT_TARGET = 18.5;
				MARKETING_VERSION = 1.0;
				PRODUCT_BUNDLE_IDENTIFIER = Koby.PuttingGameV1Tests;
				PRODUCT_NAME = "$(TARGET_NAME)";
				SWIFT_EMIT_LOC_STRINGS = NO;
				SWIFT_VERSION = 5.0;
				TARGETED_DEVICE_FAMILY = "1,2";
				TEST_HOST = "$(BUILT_PRODUCTS_DIR)/PuttingGameV1.app/$(BUNDLE_EXECUTABLE_FOLDER_PATH)/PuttingGameV1";
			};
			name = Debug;
		};
		DD1E15F52E1B6AA7003B99C8 /* Release */ = {
			isa = XCBuildConfiguration;
			buildSettings = {
				BUNDLE_LOADER = "$(TEST_HOST)";
				CODE_SIGN_STYLE = Automatic;
				CURRENT_PROJECT_VERSION = 1;
				GENERATE_INFOPLIST_FILE = YES;
				IPHONEOS_DEPLOYMENT_TARGET = 18.5;
				MARKETING_VERSION = 1.0;
				PRODUCT_BUNDLE_IDENTIFIER = Koby.PuttingGameV1Tests;
				PRODUCT_NAME = "$(TARGET_NAME)";
				SWIFT_EMIT_LOC_STRINGS = NO;
				SWIFT_VERSION = 5.0;
				TARGETED_DEVICE_FAMILY = "1,2";
				TEST_HOST = "$(BUILT_PRODUCTS_DIR)/PuttingGameV1.app/$(BUNDLE_EXECUTABLE_FOLDER_PATH)/PuttingGameV1";
			};
			name = Release;
		};
		DD1E15F72E1B6AA7003B99C8 /* Debug */ = {
			isa = XCBuildConfiguration;
			buildSettings = {
				CODE_SIGN_STYLE = Automatic;
				CURRENT_PROJECT_VERSION = 1;
				GENERATE_INFOPLIST_FILE = YES;
				MARKETING_VERSION = 1.0;
				PRODUCT_BUNDLE_IDENTIFIER = Koby.PuttingGameV1UITests;
				PRODUCT_NAME = "$(TARGET_NAME)";
				SWIFT_EMIT_LOC_STRINGS = NO;
				SWIFT_VERSION = 5.0;
				TARGETED_DEVICE_FAMILY = "1,2";
				TEST_TARGET_NAME = PuttingGameV1;
			};
			name = Debug;
		};
		DD1E15F82E1B6AA7003B99C8 /* Release */ = {
			isa = XCBuildConfiguration;
			buildSettings = {
				CODE_SIGN_STYLE = Automatic;
				CURRENT_PROJECT_VERSION = 1;
				GENERATE_INFOPLIST_FILE = YES;
				MARKETING_VERSION = 1.0;
				PRODUCT_BUNDLE_IDENTIFIER = Koby.PuttingGameV1UITests;
				PRODUCT_NAME = "$(TARGET_NAME)";
				SWIFT_EMIT_LOC_STRINGS = NO;
				SWIFT_VERSION = 5.0;
				TARGETED_DEVICE_FAMILY = "1,2";
				TEST_TARGET_NAME = PuttingGameV1;
			};
			name = Release;
		};
/* End XCBuildConfiguration section */

/* Begin XCConfigurationList section */
		DD1E15CA2E1B6AA2003B99C8 /* Build configuration list for PBXProject "PuttingGameV1" */ = {
			isa = XCConfigurationList;
			buildConfigurations = (
				DD1E15EE2E1B6AA7003B99C8 /* Debug */,
				DD1E15EF2E1B6AA7003B99C8 /* Release */,
			);
			defaultConfigurationIsVisible = 0;
			defaultConfigurationName = Release;
		};
		DD1E15F02E1B6AA7003B99C8 /* Build configuration list for PBXNativeTarget "PuttingGameV1" */ = {
			isa = XCConfigurationList;
			buildConfigurations = (
				DD1E15F12E1B6AA7003B99C8 /* Debug */,
				DD1E15F22E1B6AA7003B99C8 /* Release */,
			);
			defaultConfigurationIsVisible = 0;
			defaultConfigurationName = Release;
		};
		DD1E15F32E1B6AA7003B99C8 /* Build configuration list for PBXNativeTarget "PuttingGameV1Tests" */ = {
			isa = XCConfigurationList;
			buildConfigurations = (
				DD1E15F42E1B6AA7003B99C8 /* Debug */,
				DD1E15F52E1B6AA7003B99C8 /* Release */,
			);
			defaultConfigurationIsVisible = 0;
			defaultConfigurationName = Release;
		};
		DD1E15F62E1B6AA7003B99C8 /* Build configuration list for PBXNativeTarget "PuttingGameV1UITests" */ = {
			isa = XCConfigurationList;
			buildConfigurations = (
				DD1E15F72E1B6AA7003B99C8 /* Debug */,
				DD1E15F82E1B6AA7003B99C8 /* Release */,
			);
			defaultConfigurationIsVisible = 0;
			defaultConfigurationName = Release;
		};
/* End XCConfigurationList section */
	};
	rootObject = DD1E15C72E1B6AA2003B99C8 /* Project object */;
}
